
Microsoft Visual Studio Solution File, Format Version 12.00
# Visual Studio Version 17
VisualStudioVersion = 17.8.34330.188
MinimumVisualStudioVersion = 10.0.40219.1
Project("{FAE04EC0-301F-11D3-BF4B-00C04F79EFBC}") = "TagInventory", "TagInventory\TagInventory.csproj", "{E93DC90C-C50B-4118-9DDC-27D8448DEBBA}"
EndProject
Global
	GlobalSection(SolutionConfigurationPlatforms) = preSolution
		Debug|Any CPU = Debug|Any CPU
		Release|Any CPU = Release|Any CPU
	EndGlobalSection
	GlobalSection(ProjectConfigurationPlatforms) = postSolution
		{E93DC90C-C50B-4118-9DDC-27D8448DEBBA}.Debug|Any CPU.ActiveCfg = Debug|Any CPU
		{E93DC90C-C50B-4118-9DDC-27D8448DEBBA}.Debug|Any CPU.Build.0 = Debug|Any CPU
		{E93DC90C-C50B-4118-9DDC-27D8448DEBBA}.Debug|Any CPU.Deploy.0 = Debug|Any CPU
		{E93DC90C-C50B-4118-9DDC-27D8448DEBBA}.Release|Any CPU.ActiveCfg = Release|Any CPU
		{E93DC90C-C50B-4118-9DDC-27D8448DEBBA}.Release|Any CPU.Build.0 = Release|Any CPU
		{E93DC90C-C50B-4118-9DDC-27D8448DEBBA}.Release|Any CPU.Deploy.0 = Release|Any CPU
	EndGlobalSection
	GlobalSection(SolutionProperties) = preSolution
		HideSolutionNode = FALSE
	EndGlobalSection
	GlobalSection(ExtensibilityGlobals) = postSolution
		SolutionGuid = {6FC069B5-15B4-4F99-AD6C-E5951572419D}
	EndGlobalSection
EndGlobal
